<?xml version="1.0" encoding="utf-8"?>
<Project ToolsVersion="4.0" xmlns="http://schemas.microsoft.com/developer/msbuild/2003">
  <ItemGroup>
    <Filter Include="Source">
      <UniqueIdentifier>{c72e76c1-ab16-47d6-b7b7-05f70155840c}</UniqueIdentifier>
    </Filter>
    <Filter Include="Source\Util">
      <UniqueIdentifier>{50f4a8db-bf8f-4da3-805f-5888c042e8bf}</UniqueIdentifier>
    </Filter>
    <Filter Include="Source\Events">
      <UniqueIdentifier>{aef8dfc9-6bc0-409c-84e4-d97b165dcca3}</UniqueIdentifier>
    </Filter>
    <Filter Include="Source\Graphics">
      <UniqueIdentifier>{acef0a97-4b13-4031-8d5d-b293d33f31d0}</UniqueIdentifier>
    </Filter>
    <Filter Include="Source\Lua">
      <UniqueIdentifier>{d3ac6680-ea59-4f72-a34b-eacc36e02b23}</UniqueIdentifier>
    </Filter>
    <Filter Include="Source\Math">
      <UniqueIdentifier>{ff02b40f-a234-46b3-b4c7-3f5a060a03a5}</UniqueIdentifier>
    </Filter>
    <Filter Include="Source\Menus">
      <UniqueIdentifier>{ef638ed0-4244-4cc0-a2a0-57b729ce8f90}</UniqueIdentifier>
    </Filter>
    <Filter Include="Source\Particles">
      <UniqueIdentifier>{cd6e978b-d40c-4202-9736-8f7c09418ed0}</UniqueIdentifier>
    </Filter>
    <Filter Include="Source\Resources">
      <UniqueIdentifier>{eea02a1c-bc37-4ddc-a7b2-abbe2a1a49ee}</UniqueIdentifier>
    </Filter>
    <Filter Include="Source\Systems">
      <UniqueIdentifier>{bc630133-5c4a-47b9-bb55-4782c031f1f8}</UniqueIdentifier>
    </Filter>
    <Filter Include="Resources">
      <UniqueIdentifier>{67DA6AB6-F800-4c08-8B7A-83BB121AAD01}</UniqueIdentifier>
      <Extensions>rc;ico;cur;bmp;dlg;rc2;rct;bin;rgs;gif;jpg;jpeg;jpe;resx;tiff;tif;png;wav;mfcribbon-ms</Extensions>
    </Filter>
    <Filter Include="Source\Events\Physics">
      <UniqueIdentifier>{5f04b6f6-2b74-4a76-830a-38dd1fbd4a1d}</UniqueIdentifier>
    </Filter>
    <Filter Include="Source\Events\Queries">
      <UniqueIdentifier>{1ae269b5-16bf-4647-af8f-7aa85e3a9519}</UniqueIdentifier>
    </Filter>
    <Filter Include="Source\Events\Graphics">
      <UniqueIdentifier>{334f1e3f-f7fa-495a-a95c-af3aa87a5c1f}</UniqueIdentifier>
    </Filter>
    <Filter Include="Source\Events\Interface">
      <UniqueIdentifier>{b889cf74-3920-44d1-ad07-b4fcc443b09f}</UniqueIdentifier>
    </Filter>
    <Filter Include="Shaders">
      <UniqueIdentifier>{31230db2-55f6-4bb5-a550-313a3b64cafe}</UniqueIdentifier>
    </Filter>
    <Filter Include="Lua-Core">
      <UniqueIdentifier>{25aa2ede-1cc1-4e5b-a039-5f07ddd2032a}</UniqueIdentifier>
    </Filter>
    <Filter Include="Lua">
      <UniqueIdentifier>{109eb73e-086b-4c02-b1a8-f1098ddf90a5}</UniqueIdentifier>
    </Filter>
    <Filter Include="Resources\Tmx">
      <UniqueIdentifier>{503cce86-cdf2-4906-87ea-64eed4a3b847}</UniqueIdentifier>
    </Filter>
    <Filter Include="Resources\Audio">
      <UniqueIdentifier>{149f2a42-4213-4001-8a99-33089774819b}</UniqueIdentifier>
    </Filter>
    <Filter Include="Resources\Tilesets">
      <UniqueIdentifier>{a0c89fc8-ac63-43b2-833f-22dc7aa8c521}</UniqueIdentifier>
    </Filter>
    <Filter Include="Resources\Textures">
      <UniqueIdentifier>{95bdd959-2e5d-4672-910a-98b01dd38548}</UniqueIdentifier>
    </Filter>
    <Filter Include="Resources\Animations">
      <UniqueIdentifier>{63cd35b1-ea18-4bca-9637-81b247e8915c}</UniqueIdentifier>
    </Filter>
    <Filter Include="Resources\Fonts">
      <UniqueIdentifier>{c745dd94-4899-4f93-a081-02ea1f8c8a54}</UniqueIdentifier>
    </Filter>
    <Filter Include="Source\Facets">
      <UniqueIdentifier>{15cb8491-a4f3-41a3-a465-29c3ce321edd}</UniqueIdentifier>
    </Filter>
    <Filter Include="Source\Events\Dynamic">
      <UniqueIdentifier>{d74590d7-6e19-4f80-8075-be7290e31064}</UniqueIdentifier>
    </Filter>
  </ItemGroup>
  <ItemGroup>
    <ClCompile Include="src\Console.cpp">
      <Filter>Source</Filter>
    </ClCompile>
    <ClCompile Include="src\Core.cpp">
      <Filter>Source</Filter>
    </ClCompile>
    <ClCompile Include="src\Interface.cpp">
      <Filter>Source</Filter>
    </ClCompile>
    <ClCompile Include="src\main.cpp">
      <Filter>Source</Filter>
    </ClCompile>
    <ClCompile Include="src\Camera.cpp">
      <Filter>Source\Graphics</Filter>
    </ClCompile>
    <ClCompile Include="src\Camera2d.cpp">
      <Filter>Source\Graphics</Filter>
    </ClCompile>
    <ClCompile Include="src\AnimationSystem2d.cpp">
      <Filter>Source\Systems</Filter>
    </ClCompile>
    <ClCompile Include="src\BasicPositionSystem2d.cpp">
      <Filter>Source\Systems</Filter>
    </ClCompile>
    <ClCompile Include="src\Animation.cpp">
      <Filter>Source\Resources</Filter>
    </ClCompile>
    <ClCompile Include="src\EventProcessor.cpp">
      <Filter>Source\Events</Filter>
    </ClCompile>
    <ClCompile Include="src\Font.cpp">
      <Filter>Source\Resources</Filter>
    </ClCompile>
    <ClCompile Include="src\ParticleSystem2d.cpp">
      <Filter>Source\Systems</Filter>
    </ClCompile>
    <ClCompile Include="src\PhysicsSystem.cpp">
      <Filter>Source\Systems</Filter>
    </ClCompile>
    <ClCompile Include="src\RenderableSystem2d.cpp">
      <Filter>Source\Systems</Filter>
    </ClCompile>
    <ClCompile Include="src\TextRenderSystem2d.cpp">
      <Filter>Source\Systems</Filter>
    </ClCompile>
    <ClCompile Include="src\TextureRenderSystem2d.cpp">
      <Filter>Source\Systems</Filter>
    </ClCompile>
    <ClCompile Include="src\World.cpp">
      <Filter>Source\Systems</Filter>
    </ClCompile>
    <ClCompile Include="src\System.cpp">
      <Filter>Source\Systems</Filter>
    </ClCompile>
    <ClCompile Include="src\LinearParticleField.cpp">
      <Filter>Source\Particles</Filter>
    </ClCompile>
    <ClCompile Include="src\LuaCursor.cpp">
      <Filter>Source\Lua</Filter>
    </ClCompile>
    <ClCompile Include="src\LuaFunction.cpp">
      <Filter>Source\Lua</Filter>
    </ClCompile>
    <ClCompile Include="src\LuaList.cpp">
      <Filter>Source\Lua</Filter>
    </ClCompile>
    <ClCompile Include="src\LuaMap.cpp">
      <Filter>Source\Lua</Filter>
    </ClCompile>
    <ClCompile Include="src\LuaState.cpp">
      <Filter>Source\Lua</Filter>
    </ClCompile>
    <ClCompile Include="src\LuaTable.cpp">
      <Filter>Source\Lua</Filter>
    </ClCompile>
    <ClCompile Include="src\Map.cpp">
      <Filter>Source\Resources</Filter>
    </ClCompile>
    <ClCompile Include="src\ResourceManager.cpp">
      <Filter>Source\Resources</Filter>
    </ClCompile>
    <ClCompile Include="src\RenderedTextToken.cpp">
      <Filter>Source\Resources</Filter>
    </ClCompile>
    <ClCompile Include="src\ShaderManager.cpp">
      <Filter>Source\Graphics</Filter>
    </ClCompile>
    <ClCompile Include="src\ShaderProgram.cpp">
      <Filter>Source\Graphics</Filter>
    </ClCompile>
    <ClCompile Include="src\VertexArrayObject.cpp">
      <Filter>Source\Graphics</Filter>
    </ClCompile>
    <ClCompile Include="src\Renderer.cpp">
      <Filter>Source\Graphics</Filter>
    </ClCompile>
    <ClCompile Include="src\Texture.cpp">
      <Filter>Source\Resources</Filter>
    </ClCompile>
    <ClCompile Include="src\EntitiesInRectQuery.cpp">
      <Filter>Source\Events\Queries</Filter>
    </ClCompile>
    <ClCompile Include="src\EntityLayerQuery.cpp">
      <Filter>Source\Events\Queries</Filter>
    </ClCompile>
    <ClCompile Include="src\EntityPositionQuery.cpp">
      <Filter>Source\Events\Queries</Filter>
    </ClCompile>
    <ClCompile Include="src\FacetDimensionQuery.cpp">
      <Filter>Source\Events\Queries</Filter>
    </ClCompile>
    <ClCompile Include="src\ColorChangeEvent.cpp">
      <Filter>Source\Events\Graphics</Filter>
    </ClCompile>
    <ClCompile Include="src\MouseEvent.cpp">
      <Filter>Source\Events\Interface</Filter>
    </ClCompile>
    <ClCompile Include="src\PositionChangeEvent.cpp">
      <Filter>Source\Events\Physics</Filter>
    </ClCompile>
    <ClCompile Include="src\TextureChangeEvent.cpp">
      <Filter>Source\Events\Graphics</Filter>
    </ClCompile>
    <ClCompile Include="src\PrimitiveRenderSystem2d.cpp">
      <Filter>Source\Systems</Filter>
    </ClCompile>
    <ClCompile Include="src\DimensionChangeEvent.cpp">
      <Filter>Source\Events\Dynamic</Filter>
    </ClCompile>
    <ClCompile Include="src\OrientationChangeEvent.cpp">
      <Filter>Source\Events\Dynamic</Filter>
    </ClCompile>
    <ClCompile Include="src\OffsetChangeEvent.cpp">
      <Filter>Source\Events\Dynamic</Filter>
    </ClCompile>
    <ClCompile Include="src\AnimationChangeEvent.cpp">
      <Filter>Source\Events\Graphics</Filter>
    </ClCompile>
    <ClCompile Include="src\ColorModulationEvent.cpp">
      <Filter>Source\Events\Graphics</Filter>
    </ClCompile>
    <ClCompile Include="src\TextContentChangeEvent.cpp">
      <Filter>Source\Events\Graphics</Filter>
    </ClCompile>
    <ClCompile Include="src\ScaleChangeEvent.cpp">
      <Filter>Source\Events\Graphics</Filter>
    </ClCompile>
    <ClCompile Include="src\RenderLayer.cpp">
      <Filter>Source\Graphics</Filter>
    </ClCompile>
    <ClCompile Include="src\EventRegistry.cpp">
      <Filter>Source\Events</Filter>
    </ClCompile>
    <ClCompile Include="src\AccelerationChangeEvent.cpp">
      <Filter>Source\Events\Physics</Filter>
    </ClCompile>
    <ClCompile Include="src\Interpolation.cpp">
      <Filter>Source\Math</Filter>
    </ClCompile>
    <ClCompile Include="src\FacetPauseEvent.cpp">
      <Filter>Source\Events\Dynamic</Filter>
    </ClCompile>
  </ItemGroup>
  <ItemGroup>
    <None Include="bin\shaders\basic.glfs">
      <Filter>Shaders</Filter>
    </None>
    <None Include="bin\shaders\basic.glvs">
      <Filter>Shaders</Filter>
    </None>
    <None Include="bin\shaders\shape2d.glfs">
      <Filter>Shaders</Filter>
    </None>
    <None Include="bin\shaders\shape2d.glvs">
      <Filter>Shaders</Filter>
    </None>
    <None Include="bin\shaders\textureRender2d.glfs">
      <Filter>Shaders</Filter>
    </None>
    <None Include="bin\shaders\textureRender2d.glvs">
      <Filter>Shaders</Filter>
    </None>
    <None Include="bin\lua\maps\level1\Level.tmx">
      <Filter>Resources\Tmx</Filter>
    </None>
    <None Include="bin\lua\arbor.lua">
      <Filter>Lua</Filter>
    </None>
    <None Include="bin\lua\firstscene.lua">
      <Filter>Lua</Filter>
    </None>
    <None Include="bin\lua\loadassets.lua">
      <Filter>Lua</Filter>
    </None>
    <None Include="bin\lua\menus.lua">
      <Filter>Lua</Filter>
    </None>
    <None Include="bin\lua\titlescene.lua">
      <Filter>Lua</Filter>
    </None>
    <None Include="ClassDiagram.cd" />
    <None Include="bin\lua-core\blank-scene.lua">
      <Filter>Lua-Core</Filter>
    </None>
    <None Include="bin\lua-core\core.lua">
      <Filter>Lua-Core</Filter>
    </None>
    <None Include="bin\lua-core\deepcopy.lua">
      <Filter>Lua-Core</Filter>
    </None>
    <None Include="bin\lua-core\facet.lua">
      <Filter>Lua-Core</Filter>
    </None>
    <None Include="bin\lua-core\fonts.lua">
      <Filter>Lua-Core</Filter>
    </None>
    <None Include="bin\lua-core\interface.lua">
      <Filter>Lua-Core</Filter>
    </None>
    <None Include="bin\lua-core\interface-facet.lua">
      <Filter>Lua-Core</Filter>
    </None>
    <None Include="bin\lua-core\maps.lua">
      <Filter>Lua-Core</Filter>
    </None>
    <None Include="bin\lua-core\menu-entity.lua">
      <Filter>Lua-Core</Filter>
    </None>
    <None Include="bin\lua-core\particles.lua">
      <Filter>Lua-Core</Filter>
    </None>
    <None Include="bin\lua-core\physics-entity.lua">
      <Filter>Lua-Core</Filter>
    </None>
    <None Include="bin\lua-core\physics-facet.lua">
      <Filter>Lua-Core</Filter>
    </None>
    <None Include="bin\lua-core\renderer.lua">
      <Filter>Lua-Core</Filter>
    </None>
    <None Include="bin\lua-core\require.lua">
      <Filter>Lua-Core</Filter>
    </None>
    <None Include="bin\lua-core\sdl.lua">
      <Filter>Lua-Core</Filter>
    </None>
    <None Include="bin\lua-core\shaders.lua">
      <Filter>Lua-Core</Filter>
    </None>
    <None Include="bin\lua-core\sounds.lua">
      <Filter>Lua-Core</Filter>
    </None>
    <None Include="bin\lua-core\sprites.lua">
      <Filter>Lua-Core</Filter>
    </None>
    <None Include="bin\lua-core\text-facet.lua">
      <Filter>Lua-Core</Filter>
    </None>
    <None Include="bin\lua-core\texture-facet.lua">
      <Filter>Lua-Core</Filter>
    </None>
    <None Include="bin\lua-core\util.lua">
      <Filter>Lua-Core</Filter>
    </None>
    <None Include="bin\lua-core\world.lua">
      <Filter>Lua-Core</Filter>
    </None>
    <None Include="bin\lua-core\primitive-facet.lua">
      <Filter>Lua-Core</Filter>
    </None>
    <None Include="bin\lua\config.lua">
      <Filter>Lua</Filter>
    </None>
    <None Include="bin\lua-core\config-default.lua">
      <Filter>Lua-Core</Filter>
    </None>
    <None Include="bin\lua-core\constants.lua">
      <Filter>Lua-Core</Filter>
    </None>
  </ItemGroup>
  <ItemGroup>
    <ClInclude Include="src\Config.hpp">
      <Filter>Source</Filter>
    </ClInclude>
    <ClInclude Include="src\Console.hpp">
      <Filter>Source</Filter>
    </ClInclude>
    <ClInclude Include="src\Core.hpp">
      <Filter>Source</Filter>
    </ClInclude>
    <ClInclude Include="src\Entity.hpp">
      <Filter>Source</Filter>
    </ClInclude>
    <ClInclude Include="src\Interface.hpp">
      <Filter>Source</Filter>
    </ClInclude>
    <ClInclude Include="src\main.hpp">
      <Filter>Source</Filter>
    </ClInclude>
    <ClInclude Include="src\RuntimeContext.hpp">
      <Filter>Source</Filter>
    </ClInclude>
    <ClInclude Include="src\Templates.hpp">
      <Filter>Source</Filter>
    </ClInclude>
    <ClInclude Include="src\BufferObjectBase.hpp">
      <Filter>Source\Graphics</Filter>
    </ClInclude>
    <ClInclude Include="src\BufferObject.hpp">
      <Filter>Source\Graphics</Filter>
    </ClInclude>
    <ClInclude Include="src\Camera.hpp">
      <Filter>Source\Graphics</Filter>
    </ClInclude>
    <ClInclude Include="src\Camera2d.hpp">
      <Filter>Source\Graphics</Filter>
    </ClInclude>
    <ClInclude Include="src\CameraFollowFacet.hpp">
      <Filter>Source\Facets</Filter>
    </ClInclude>
    <ClInclude Include="src\BasicPositionSystem2d.hpp">
      <Filter>Source\Systems</Filter>
    </ClInclude>
    <ClInclude Include="src\AnimationSystem2d.hpp">
      <Filter>Source\Systems</Filter>
    </ClInclude>
    <ClInclude Include="src\Animation.hpp">
      <Filter>Source\Resources</Filter>
    </ClInclude>
    <ClInclude Include="src\AnimationFrame.hpp">
      <Filter>Source\Resources</Filter>
    </ClInclude>
    <ClInclude Include="src\AnimationSet.hpp">
      <Filter>Source\Resources</Filter>
    </ClInclude>
    <ClInclude Include="src\AnimationFacet.hpp">
      <Filter>Source\Facets</Filter>
    </ClInclude>
    <ClInclude Include="src\DebugEvent.hpp">
      <Filter>Source\Events</Filter>
    </ClInclude>
    <ClInclude Include="src\EventProcessor.hpp">
      <Filter>Source\Events</Filter>
    </ClInclude>
    <ClInclude Include="src\Event.hpp">
      <Filter>Source\Events</Filter>
    </ClInclude>
    <ClInclude Include="src\FragmentShader.hpp">
      <Filter>Source\Graphics</Filter>
    </ClInclude>
    <ClInclude Include="src\Drawable.hpp">
      <Filter>Source\Graphics</Filter>
    </ClInclude>
    <ClInclude Include="src\Facet.hpp">
      <Filter>Source\Facets</Filter>
    </ClInclude>
    <ClInclude Include="src\Font.hpp">
      <Filter>Source\Resources</Filter>
    </ClInclude>
    <ClInclude Include="src\IndexBufferObject.hpp">
      <Filter>Source\Graphics</Filter>
    </ClInclude>
    <ClInclude Include="src\Geometry.hpp">
      <Filter>Source\Math</Filter>
    </ClInclude>
    <ClInclude Include="src\LuaEventFilter.hpp">
      <Filter>Source\Events</Filter>
    </ClInclude>
    <ClInclude Include="src\TimedEvent.hpp">
      <Filter>Source\Events</Filter>
    </ClInclude>
    <ClInclude Include="src\ParticleSystem2d.hpp">
      <Filter>Source\Systems</Filter>
    </ClInclude>
    <ClInclude Include="src\PhysicsSystem.hpp">
      <Filter>Source\Systems</Filter>
    </ClInclude>
    <ClInclude Include="src\RenderableSystem2d.hpp">
      <Filter>Source\Systems</Filter>
    </ClInclude>
    <ClInclude Include="src\TextRenderSystem2d.hpp">
      <Filter>Source\Systems</Filter>
    </ClInclude>
    <ClInclude Include="src\TextureRenderSystem2d.hpp">
      <Filter>Source\Systems</Filter>
    </ClInclude>
    <ClInclude Include="src\UpdateableSystem.hpp">
      <Filter>Source\Systems</Filter>
    </ClInclude>
    <ClInclude Include="src\World.hpp">
      <Filter>Source\Systems</Filter>
    </ClInclude>
    <ClInclude Include="src\System.hpp">
      <Filter>Source\Systems</Filter>
    </ClInclude>
    <ClInclude Include="src\LinearParticleField.hpp">
      <Filter>Source\Particles</Filter>
    </ClInclude>
    <ClInclude Include="src\ParticleField.hpp">
      <Filter>Source\Particles</Filter>
    </ClInclude>
    <ClInclude Include="src\InterfaceFacet.hpp">
      <Filter>Source\Facets</Filter>
    </ClInclude>
    <ClInclude Include="src\LuaCursor.hpp">
      <Filter>Source\Lua</Filter>
    </ClInclude>
    <ClInclude Include="src\LuaFunction.hpp">
      <Filter>Source\Lua</Filter>
    </ClInclude>
    <ClInclude Include="src\LuaList.hpp">
      <Filter>Source\Lua</Filter>
    </ClInclude>
    <ClInclude Include="src\LuaMap.hpp">
      <Filter>Source\Lua</Filter>
    </ClInclude>
    <ClInclude Include="src\LuaState.hpp">
      <Filter>Source\Lua</Filter>
    </ClInclude>
    <ClInclude Include="src\LuaTable.hpp">
      <Filter>Source\Lua</Filter>
    </ClInclude>
    <ClInclude Include="src\LuaUtil.hpp">
      <Filter>Source\Lua</Filter>
    </ClInclude>
    <ClInclude Include="src\LuaVector.hpp">
      <Filter>Source\Lua</Filter>
    </ClInclude>
    <ClInclude Include="src\Map.hpp">
      <Filter>Source\Resources</Filter>
    </ClInclude>
    <ClInclude Include="src\Music.hpp">
      <Filter>Source\Resources</Filter>
    </ClInclude>
    <ClInclude Include="src\Resource.hpp">
      <Filter>Source\Resources</Filter>
    </ClInclude>
    <ClInclude Include="src\ResourceManager.hpp">
      <Filter>Source\Resources</Filter>
    </ClInclude>
    <ClInclude Include="src\RenderedTextToken.hpp">
      <Filter>Source\Resources</Filter>
    </ClInclude>
    <ClInclude Include="src\ShaderManager.hpp">
      <Filter>Source\Graphics</Filter>
    </ClInclude>
    <ClInclude Include="src\ShaderProgram.hpp">
      <Filter>Source\Graphics</Filter>
    </ClInclude>
    <ClInclude Include="src\VertexArrayObject.hpp">
      <Filter>Source\Graphics</Filter>
    </ClInclude>
    <ClInclude Include="src\VertexBufferObject.hpp">
      <Filter>Source\Graphics</Filter>
    </ClInclude>
    <ClInclude Include="src\VertexShader.hpp">
      <Filter>Source\Graphics</Filter>
    </ClInclude>
    <ClInclude Include="src\Shader.hpp">
      <Filter>Source\Graphics</Filter>
    </ClInclude>
    <ClInclude Include="src\Renderer.hpp">
      <Filter>Source\Graphics</Filter>
    </ClInclude>
    <ClInclude Include="src\ParticleFacet.hpp">
      <Filter>Source\Facets</Filter>
    </ClInclude>
    <ClInclude Include="src\PhysicsFacet.hpp">
      <Filter>Source\Facets</Filter>
    </ClInclude>
    <ClInclude Include="src\PositionFacet.hpp">
      <Filter>Source\Facets</Filter>
    </ClInclude>
    <ClInclude Include="src\TextFacet.hpp">
      <Filter>Source\Facets</Filter>
    </ClInclude>
    <ClInclude Include="src\TextureFacet.hpp">
      <Filter>Source\Facets</Filter>
    </ClInclude>
    <ClInclude Include="src\Math.hpp">
      <Filter>Source\Math</Filter>
    </ClInclude>
    <ClInclude Include="src\Util.hpp">
      <Filter>Source\Util</Filter>
    </ClInclude>
    <ClInclude Include="src\SDLUtil.hpp">
      <Filter>Source\Util</Filter>
    </ClInclude>
    <ClInclude Include="src\Sound.hpp">
      <Filter>Source\Resources</Filter>
    </ClInclude>
    <ClInclude Include="src\Texture.hpp">
      <Filter>Source\Resources</Filter>
    </ClInclude>
    <ClInclude Include="src\AccelerationChangeEvent.hpp">
      <Filter>Source\Events\Physics</Filter>
    </ClInclude>
    <ClInclude Include="src\CollisionState.hpp">
      <Filter>Source\Events\Physics</Filter>
    </ClInclude>
    <ClInclude Include="src\EntitiesInRectQuery.hpp">
      <Filter>Source\Events\Queries</Filter>
    </ClInclude>
    <ClInclude Include="src\EntityLayerQuery.hpp">
      <Filter>Source\Events\Queries</Filter>
    </ClInclude>
    <ClInclude Include="src\EntityPositionQuery.hpp">
      <Filter>Source\Events\Queries</Filter>
    </ClInclude>
    <ClInclude Include="src\FacetDimensionQuery.hpp">
      <Filter>Source\Events\Queries</Filter>
    </ClInclude>
    <ClInclude Include="src\ObjectCollisionQuery.hpp">
      <Filter>Source\Events\Queries</Filter>
    </ClInclude>
    <ClInclude Include="src\ColorChangeEvent.hpp">
      <Filter>Source\Events\Graphics</Filter>
    </ClInclude>
    <ClInclude Include="src\GamepadEvent.hpp">
      <Filter>Source\Events\Interface</Filter>
    </ClInclude>
    <ClInclude Include="src\KeyboardEvent.hpp">
      <Filter>Source\Events\Interface</Filter>
    </ClInclude>
    <ClInclude Include="src\MouseButtonEvent.hpp">
      <Filter>Source\Events\Interface</Filter>
    </ClInclude>
    <ClInclude Include="src\MouseEvent.hpp">
      <Filter>Source\Events\Interface</Filter>
    </ClInclude>
    <ClInclude Include="src\MouseMoveEvent.hpp">
      <Filter>Source\Events\Interface</Filter>
    </ClInclude>
    <ClInclude Include="src\PositionChangeEvent.hpp">
      <Filter>Source\Events\Physics</Filter>
    </ClInclude>
    <ClInclude Include="src\VelocityChangeEvent.hpp">
      <Filter>Source\Events\Physics</Filter>
    </ClInclude>
    <ClInclude Include="src\SDLEvent.hpp">
      <Filter>Source\Events\Interface</Filter>
    </ClInclude>
    <ClInclude Include="src\TextureChangeEvent.hpp">
      <Filter>Source\Events\Graphics</Filter>
    </ClInclude>
    <ClInclude Include="src\ObjectInteractionEvent.hpp">
      <Filter>Source\Events\Physics</Filter>
    </ClInclude>
    <ClInclude Include="src\PrimitiveRenderSystem2d.hpp">
      <Filter>Source\Systems</Filter>
    </ClInclude>
    <ClInclude Include="src\PrimitiveFacet.hpp">
      <Filter>Source\Facets</Filter>
    </ClInclude>
    <ClInclude Include="src\DimensionChangeEvent.hpp">
      <Filter>Source\Events\Dynamic</Filter>
    </ClInclude>
    <ClInclude Include="src\OrientationChangeEvent.hpp">
      <Filter>Source\Events\Dynamic</Filter>
    </ClInclude>
    <ClInclude Include="src\OffsetChangeEvent.hpp">
      <Filter>Source\Events\Dynamic</Filter>
    </ClInclude>
    <ClInclude Include="src\AnimationChangeEvent.hpp">
      <Filter>Source\Events\Graphics</Filter>
    </ClInclude>
    <ClInclude Include="src\ColorModulationEvent.hpp">
      <Filter>Source\Events\Graphics</Filter>
    </ClInclude>
    <ClInclude Include="src\VisualFacet.hpp">
      <Filter>Source\Facets</Filter>
    </ClInclude>
    <ClInclude Include="src\TextContentChangeEvent.hpp">
      <Filter>Source\Events\Graphics</Filter>
    </ClInclude>
    <ClInclude Include="src\ScaleChangeEvent.hpp">
      <Filter>Source\Events\Graphics</Filter>
    </ClInclude>
    <ClInclude Include="src\Color.hpp">
      <Filter>Source\Math</Filter>
    </ClInclude>
    <ClInclude Include="src\RenderLayer.hpp">
      <Filter>Source\Graphics</Filter>
    </ClInclude>
    <ClInclude Include="src\EventRegistry.hpp">
      <Filter>Source\Events</Filter>
    </ClInclude>
    <ClInclude Include="src\SPSCQueue.hpp">
      <Filter>Source\Util</Filter>
    </ClInclude>
    <ClInclude Include="src\Interpolation.hpp">
      <Filter>Source\Math</Filter>
    </ClInclude>
    <ClInclude Include="src\FacetPauseEvent.hpp">
      <Filter>Source\Events\Dynamic</Filter>
    </ClInclude>
  </ItemGroup>
  <ItemGroup>
    <Media Include="bin\lua\sounds\button-3.wav">
      <Filter>Resources\Audio</Filter>
    </Media>
    <Media Include="bin\lua\sounds\button-25.wav">
      <Filter>Resources\Audio</Filter>
    </Media>
  </ItemGroup>
  <ItemGroup>
    <Image Include="bin\lua\sprites\AUAlogowithRibbon.png">
      <Filter>Resources\Textures</Filter>
    </Image>
    <Image Include="bin\lua\sprites\red_box.png">
      <Filter>Resources\Textures</Filter>
    </Image>
    <Image Include="bin\lua\sprites\cursor.jpg">
      <Filter>Resources\Textures</Filter>
    </Image>
    <Image Include="bin\lua\sprites\cursor.png">
      <Filter>Resources\Textures</Filter>
    </Image>
    <Image Include="bin\lua\sprites\cursor_brown.png">
      <Filter>Resources\Textures</Filter>
    </Image>
    <Image Include="bin\lua\maps\tilesets\guy.png">
      <Filter>Resources\Textures</Filter>
    </Image>
    <Image Include="bin\lua\sprites\brobot\littlebot.png">
      <Filter>Resources\Animations</Filter>
    </Image>
    <Image Include="bin\lua\maps\tilesets\littlebot.png">
      <Filter>Resources\Animations</Filter>
    </Image>
    <Image Include="bin\lua\maps\tilesets\Palette2.png">
      <Filter>Resources\Tilesets</Filter>
    </Image>
  </ItemGroup>
  <ItemGroup>
    <Font Include="bin\lua\fonts\coders_crux.ttf">
      <Filter>Resources\Fonts</Filter>
    </Font>
    <Font Include="bin\lua\fonts\munro.ttf">
      <Filter>Resources\Fonts</Filter>
    </Font>
    <Font Include="bin\lua\fonts\pixel_berry.ttf">
      <Filter>Resources\Fonts</Filter>
    </Font>
    <Font Include="bin\lua\fonts\RobotoCondensed-Regular.ttf">
      <Filter>Resources\Fonts</Filter>
    </Font>
  </ItemGroup>
</Project>